# This file is automatically @generated by Cargo.
# It is not intended for manual editing.
version = 4

[[package]]
name = "agentcage-assets"
version = "0.40.1"

[[package]]
name = "agentcage-cli"
version = "0.40.1"
dependencies = [
 "agentcage-assets",
 "agentcage-core",
]

[[package]]
name = "agentcage-core"
version = "0.40.1"
